
Microsoft Visual Studio Solution File, Format Version 12.00
# Visual Studio 15
VisualStudioVersion = 15.0.26228.9
MinimumVisualStudioVersion = 10.0.40219.1
Project("{F184B08F-C81C-45F6-A57F-5ABD9991F28F}") = "WebbIE4", "WebbIE4.NET\WebbIE4.vbproj", "{9EA9E555-475E-45F1-A33C-22F2BD133E29}"
EndProject
Project("{FAE04EC0-301F-11D3-BF4B-00C04F79EFBC}") = "WebbIEActivation", "..\BBCiPlayerTV\WebbIEActivation\WebbIEActivation.csproj", "{BE3387F0-5FE1-476B-911B-BC02E6E80448}"
EndProject
Project("{FAE04EC0-301F-11D3-BF4B-00C04F79EFBC}") = "UserAgentTest", "UserAgentTest\UserAgentTest.csproj", "{65A9E8AB-8262-4B98-B091-B59C73FE3B66}"
EndProject
Project("{FAE04EC0-301F-11D3-BF4B-00C04F79EFBC}") = "WebbIE UWP", "WebbIE UWP\WebbIE 10.csproj", "{AA27E362-F478-40D8-9898-001AD9278308}"
EndProject
Project("{F184B08F-C81C-45F6-A57F-5ABD9991F28F}") = "DocumentCompleteTest", "DocumentCompleteTest\WebbIE_DocumentCompleteTest.vbproj", "{22F81EDD-7EEB-429B-BCD5-2F81B42546DD}"
EndProject
Project("{FAE04EC0-301F-11D3-BF4B-00C04F79EFBC}") = "RichTextTest", "RichTextTest\RichTextTest.csproj", "{01EDC0F4-C40E-4ABC-8A98-A876B96390DC}"
EndProject
Global
	GlobalSection(SolutionConfigurationPlatforms) = preSolution
		Debug|Any CPU = Debug|Any CPU
		Debug|ARM = Debug|ARM
		Debug|x64 = Debug|x64
		Debug|x86 = Debug|x86
		Release|Any CPU = Release|Any CPU
		Release|ARM = Release|ARM
		Release|x64 = Release|x64
		Release|x86 = Release|x86
	EndGlobalSection
	GlobalSection(ProjectConfigurationPlatforms) = postSolution
		{9EA9E555-475E-45F1-A33C-22F2BD133E29}.Debug|Any CPU.ActiveCfg = Debug|x86
		{9EA9E555-475E-45F1-A33C-22F2BD133E29}.Debug|ARM.ActiveCfg = Debug|x86
		{9EA9E555-475E-45F1-A33C-22F2BD133E29}.Debug|x64.ActiveCfg = Debug|x86
		{9EA9E555-475E-45F1-A33C-22F2BD133E29}.Debug|x86.ActiveCfg = Debug|x86
		{9EA9E555-475E-45F1-A33C-22F2BD133E29}.Debug|x86.Build.0 = Debug|x86
		{9EA9E555-475E-45F1-A33C-22F2BD133E29}.Release|Any CPU.ActiveCfg = Release|x86
		{9EA9E555-475E-45F1-A33C-22F2BD133E29}.Release|ARM.ActiveCfg = Release|x86
		{9EA9E555-475E-45F1-A33C-22F2BD133E29}.Release|x64.ActiveCfg = Release|x86
		{9EA9E555-475E-45F1-A33C-22F2BD133E29}.Release|x86.ActiveCfg = Release|x86
		{9EA9E555-475E-45F1-A33C-22F2BD133E29}.Release|x86.Build.0 = Release|x86
		{BE3387F0-5FE1-476B-911B-BC02E6E80448}.Debug|Any CPU.ActiveCfg = Debug|x86
		{BE3387F0-5FE1-476B-911B-BC02E6E80448}.Debug|ARM.ActiveCfg = Debug|x86
		{BE3387F0-5FE1-476B-911B-BC02E6E80448}.Debug|x64.ActiveCfg = Debug|x86
		{BE3387F0-5FE1-476B-911B-BC02E6E80448}.Debug|x86.ActiveCfg = Debug|x86
		{BE3387F0-5FE1-476B-911B-BC02E6E80448}.Debug|x86.Build.0 = Debug|x86
		{BE3387F0-5FE1-476B-911B-BC02E6E80448}.Release|Any CPU.ActiveCfg = Release|x86
		{BE3387F0-5FE1-476B-911B-BC02E6E80448}.Release|ARM.ActiveCfg = Release|x86
		{BE3387F0-5FE1-476B-911B-BC02E6E80448}.Release|x64.ActiveCfg = Release|x86
		{BE3387F0-5FE1-476B-911B-BC02E6E80448}.Release|x86.ActiveCfg = Release|x86
		{BE3387F0-5FE1-476B-911B-BC02E6E80448}.Release|x86.Build.0 = Release|x86
		{65A9E8AB-8262-4B98-B091-B59C73FE3B66}.Debug|Any CPU.ActiveCfg = Debug|x86
		{65A9E8AB-8262-4B98-B091-B59C73FE3B66}.Debug|ARM.ActiveCfg = Debug|x86
		{65A9E8AB-8262-4B98-B091-B59C73FE3B66}.Debug|x64.ActiveCfg = Debug|x86
		{65A9E8AB-8262-4B98-B091-B59C73FE3B66}.Debug|x86.ActiveCfg = Debug|x86
		{65A9E8AB-8262-4B98-B091-B59C73FE3B66}.Debug|x86.Build.0 = Debug|x86
		{65A9E8AB-8262-4B98-B091-B59C73FE3B66}.Release|Any CPU.ActiveCfg = Release|x86
		{65A9E8AB-8262-4B98-B091-B59C73FE3B66}.Release|ARM.ActiveCfg = Release|x86
		{65A9E8AB-8262-4B98-B091-B59C73FE3B66}.Release|x64.ActiveCfg = Release|x86
		{65A9E8AB-8262-4B98-B091-B59C73FE3B66}.Release|x86.ActiveCfg = Release|x86
		{65A9E8AB-8262-4B98-B091-B59C73FE3B66}.Release|x86.Build.0 = Release|x86
		{AA27E362-F478-40D8-9898-001AD9278308}.Debug|Any CPU.ActiveCfg = Debug|x86
		{AA27E362-F478-40D8-9898-001AD9278308}.Debug|ARM.ActiveCfg = Debug|ARM
		{AA27E362-F478-40D8-9898-001AD9278308}.Debug|ARM.Build.0 = Debug|ARM
		{AA27E362-F478-40D8-9898-001AD9278308}.Debug|ARM.Deploy.0 = Debug|ARM
		{AA27E362-F478-40D8-9898-001AD9278308}.Debug|x64.ActiveCfg = Debug|x64
		{AA27E362-F478-40D8-9898-001AD9278308}.Debug|x64.Build.0 = Debug|x64
		{AA27E362-F478-40D8-9898-001AD9278308}.Debug|x64.Deploy.0 = Debug|x64
		{AA27E362-F478-40D8-9898-001AD9278308}.Debug|x86.ActiveCfg = Debug|x86
		{AA27E362-F478-40D8-9898-001AD9278308}.Debug|x86.Build.0 = Debug|x86
		{AA27E362-F478-40D8-9898-001AD9278308}.Debug|x86.Deploy.0 = Debug|x86
		{AA27E362-F478-40D8-9898-001AD9278308}.Release|Any CPU.ActiveCfg = Release|x86
		{AA27E362-F478-40D8-9898-001AD9278308}.Release|ARM.ActiveCfg = Release|ARM
		{AA27E362-F478-40D8-9898-001AD9278308}.Release|ARM.Build.0 = Release|ARM
		{AA27E362-F478-40D8-9898-001AD9278308}.Release|ARM.Deploy.0 = Release|ARM
		{AA27E362-F478-40D8-9898-001AD9278308}.Release|x64.ActiveCfg = Release|x64
		{AA27E362-F478-40D8-9898-001AD9278308}.Release|x64.Build.0 = Release|x64
		{AA27E362-F478-40D8-9898-001AD9278308}.Release|x64.Deploy.0 = Release|x64
		{AA27E362-F478-40D8-9898-001AD9278308}.Release|x86.ActiveCfg = Release|x86
		{AA27E362-F478-40D8-9898-001AD9278308}.Release|x86.Build.0 = Release|x86
		{AA27E362-F478-40D8-9898-001AD9278308}.Release|x86.Deploy.0 = Release|x86
		{22F81EDD-7EEB-429B-BCD5-2F81B42546DD}.Debug|Any CPU.ActiveCfg = Debug|Any CPU
		{22F81EDD-7EEB-429B-BCD5-2F81B42546DD}.Debug|Any CPU.Build.0 = Debug|Any CPU
		{22F81EDD-7EEB-429B-BCD5-2F81B42546DD}.Debug|ARM.ActiveCfg = Debug|Any CPU
		{22F81EDD-7EEB-429B-BCD5-2F81B42546DD}.Debug|ARM.Build.0 = Debug|Any CPU
		{22F81EDD-7EEB-429B-BCD5-2F81B42546DD}.Debug|x64.ActiveCfg = Debug|Any CPU
		{22F81EDD-7EEB-429B-BCD5-2F81B42546DD}.Debug|x64.Build.0 = Debug|Any CPU
		{22F81EDD-7EEB-429B-BCD5-2F81B42546DD}.Debug|x86.ActiveCfg = Debug|Any CPU
		{22F81EDD-7EEB-429B-BCD5-2F81B42546DD}.Debug|x86.Build.0 = Debug|Any CPU
		{22F81EDD-7EEB-429B-BCD5-2F81B42546DD}.Release|Any CPU.ActiveCfg = Release|Any CPU
		{22F81EDD-7EEB-429B-BCD5-2F81B42546DD}.Release|Any CPU.Build.0 = Release|Any CPU
		{22F81EDD-7EEB-429B-BCD5-2F81B42546DD}.Release|ARM.ActiveCfg = Release|Any CPU
		{22F81EDD-7EEB-429B-BCD5-2F81B42546DD}.Release|ARM.Build.0 = Release|Any CPU
		{22F81EDD-7EEB-429B-BCD5-2F81B42546DD}.Release|x64.ActiveCfg = Release|Any CPU
		{22F81EDD-7EEB-429B-BCD5-2F81B42546DD}.Release|x64.Build.0 = Release|Any CPU
		{22F81EDD-7EEB-429B-BCD5-2F81B42546DD}.Release|x86.ActiveCfg = Release|Any CPU
		{22F81EDD-7EEB-429B-BCD5-2F81B42546DD}.Release|x86.Build.0 = Release|Any CPU
		{B655DF7B-0DB0-4A9B-8173-ED59DB57605D}.Debug|Any CPU.ActiveCfg = Debug|Any CPU
		{B655DF7B-0DB0-4A9B-8173-ED59DB57605D}.Debug|Any CPU.Build.0 = Debug|Any CPU
		{B655DF7B-0DB0-4A9B-8173-ED59DB57605D}.Debug|ARM.ActiveCfg = Debug|Any CPU
		{B655DF7B-0DB0-4A9B-8173-ED59DB57605D}.Debug|ARM.Build.0 = Debug|Any CPU
		{B655DF7B-0DB0-4A9B-8173-ED59DB57605D}.Debug|x64.ActiveCfg = Debug|Any CPU
		{B655DF7B-0DB0-4A9B-8173-ED59DB57605D}.Debug|x64.Build.0 = Debug|Any CPU
		{B655DF7B-0DB0-4A9B-8173-ED59DB57605D}.Debug|x86.ActiveCfg = Debug|Any CPU
		{B655DF7B-0DB0-4A9B-8173-ED59DB57605D}.Debug|x86.Build.0 = Debug|Any CPU
		{B655DF7B-0DB0-4A9B-8173-ED59DB57605D}.Release|Any CPU.ActiveCfg = Release|Any CPU
		{B655DF7B-0DB0-4A9B-8173-ED59DB57605D}.Release|Any CPU.Build.0 = Release|Any CPU
		{B655DF7B-0DB0-4A9B-8173-ED59DB57605D}.Release|ARM.ActiveCfg = Release|Any CPU
		{B655DF7B-0DB0-4A9B-8173-ED59DB57605D}.Release|ARM.Build.0 = Release|Any CPU
		{B655DF7B-0DB0-4A9B-8173-ED59DB57605D}.Release|x64.ActiveCfg = Release|Any CPU
		{B655DF7B-0DB0-4A9B-8173-ED59DB57605D}.Release|x64.Build.0 = Release|Any CPU
		{B655DF7B-0DB0-4A9B-8173-ED59DB57605D}.Release|x86.ActiveCfg = Release|Any CPU
		{B655DF7B-0DB0-4A9B-8173-ED59DB57605D}.Release|x86.Build.0 = Release|Any CPU
		{01EDC0F4-C40E-4ABC-8A98-A876B96390DC}.Debug|Any CPU.ActiveCfg = Debug|Any CPU
		{01EDC0F4-C40E-4ABC-8A98-A876B96390DC}.Debug|Any CPU.Build.0 = Debug|Any CPU
		{01EDC0F4-C40E-4ABC-8A98-A876B96390DC}.Debug|ARM.ActiveCfg = Debug|Any CPU
		{01EDC0F4-C40E-4ABC-8A98-A876B96390DC}.Debug|ARM.Build.0 = Debug|Any CPU
		{01EDC0F4-C40E-4ABC-8A98-A876B96390DC}.Debug|x64.ActiveCfg = Debug|Any CPU
		{01EDC0F4-C40E-4ABC-8A98-A876B96390DC}.Debug|x64.Build.0 = Debug|Any CPU
		{01EDC0F4-C40E-4ABC-8A98-A876B96390DC}.Debug|x86.ActiveCfg = Debug|Any CPU
		{01EDC0F4-C40E-4ABC-8A98-A876B96390DC}.Debug|x86.Build.0 = Debug|Any CPU
		{01EDC0F4-C40E-4ABC-8A98-A876B96390DC}.Release|Any CPU.ActiveCfg = Release|Any CPU
		{01EDC0F4-C40E-4ABC-8A98-A876B96390DC}.Release|Any CPU.Build.0 = Release|Any CPU
		{01EDC0F4-C40E-4ABC-8A98-A876B96390DC}.Release|ARM.ActiveCfg = Release|Any CPU
		{01EDC0F4-C40E-4ABC-8A98-A876B96390DC}.Release|ARM.Build.0 = Release|Any CPU
		{01EDC0F4-C40E-4ABC-8A98-A876B96390DC}.Release|x64.ActiveCfg = Release|Any CPU
		{01EDC0F4-C40E-4ABC-8A98-A876B96390DC}.Release|x64.Build.0 = Release|Any CPU
		{01EDC0F4-C40E-4ABC-8A98-A876B96390DC}.Release|x86.ActiveCfg = Release|Any CPU
		{01EDC0F4-C40E-4ABC-8A98-A876B96390DC}.Release|x86.Build.0 = Release|Any CPU
		{E2B6B812-25C7-428E-BBC5-BEFE70134AA6}.Debug|Any CPU.ActiveCfg = Debug|x86
		{E2B6B812-25C7-428E-BBC5-BEFE70134AA6}.Debug|ARM.ActiveCfg = Debug|ARM
		{E2B6B812-25C7-428E-BBC5-BEFE70134AA6}.Debug|ARM.Build.0 = Debug|ARM
		{E2B6B812-25C7-428E-BBC5-BEFE70134AA6}.Debug|ARM.Deploy.0 = Debug|ARM
		{E2B6B812-25C7-428E-BBC5-BEFE70134AA6}.Debug|x64.ActiveCfg = Debug|x64
		{E2B6B812-25C7-428E-BBC5-BEFE70134AA6}.Debug|x64.Build.0 = Debug|x64
		{E2B6B812-25C7-428E-BBC5-BEFE70134AA6}.Debug|x64.Deploy.0 = Debug|x64
		{E2B6B812-25C7-428E-BBC5-BEFE70134AA6}.Debug|x86.ActiveCfg = Debug|x86
		{E2B6B812-25C7-428E-BBC5-BEFE70134AA6}.Debug|x86.Build.0 = Debug|x86
		{E2B6B812-25C7-428E-BBC5-BEFE70134AA6}.Debug|x86.Deploy.0 = Debug|x86
		{E2B6B812-25C7-428E-BBC5-BEFE70134AA6}.Release|Any CPU.ActiveCfg = Release|x86
		{E2B6B812-25C7-428E-BBC5-BEFE70134AA6}.Release|ARM.ActiveCfg = Release|ARM
		{E2B6B812-25C7-428E-BBC5-BEFE70134AA6}.Release|ARM.Build.0 = Release|ARM
		{E2B6B812-25C7-428E-BBC5-BEFE70134AA6}.Release|ARM.Deploy.0 = Release|ARM
		{E2B6B812-25C7-428E-BBC5-BEFE70134AA6}.Release|x64.ActiveCfg = Release|x64
		{E2B6B812-25C7-428E-BBC5-BEFE70134AA6}.Release|x64.Build.0 = Release|x64
		{E2B6B812-25C7-428E-BBC5-BEFE70134AA6}.Release|x64.Deploy.0 = Release|x64
		{E2B6B812-25C7-428E-BBC5-BEFE70134AA6}.Release|x86.ActiveCfg = Release|x86
		{E2B6B812-25C7-428E-BBC5-BEFE70134AA6}.Release|x86.Build.0 = Release|x86
		{E2B6B812-25C7-428E-BBC5-BEFE70134AA6}.Release|x86.Deploy.0 = Release|x86
	EndGlobalSection
	GlobalSection(SolutionProperties) = preSolution
		HideSolutionNode = FALSE
	EndGlobalSection
EndGlobal
